
Microsoft Visual Studio Solution File, Format Version 12.00
# Visual Studio Version 17
VisualStudioVersion = 17.7.34221.43
MinimumVisualStudioVersion = 10.0.40219.1
Project("{FAE04EC0-301F-11D3-BF4B-00C04F79EFBC}") = "Walrus", "Walrus\Walrus.csproj", "{35D35C97-2C41-4E3C-8F62-B04826E7FB07}"
EndProject
Project("{FAE04EC0-301F-11D3-BF4B-00C04F79EFBC}") = "Walrus-FrontEnd", "Walrus-FrontEnd\Walrus-FrontEnd.csproj", "{09053BE2-95E8-4AEF-AF8A-AD0502C3B0B2}"
EndProject
Global
	GlobalSection(SolutionConfigurationPlatforms) = preSolution
		Debug|Any CPU = Debug|Any CPU
		Release|Any CPU = Release|Any CPU
	EndGlobalSection
	GlobalSection(ProjectConfigurationPlatforms) = postSolution
		{35D35C97-2C41-4E3C-8F62-B04826E7FB07}.Debug|Any CPU.ActiveCfg = Debug|Any CPU
		{35D35C97-2C41-4E3C-8F62-B04826E7FB07}.Debug|Any CPU.Build.0 = Debug|Any CPU
		{35D35C97-2C41-4E3C-8F62-B04826E7FB07}.Release|Any CPU.ActiveCfg = Release|Any CPU
		{35D35C97-2C41-4E3C-8F62-B04826E7FB07}.Release|Any CPU.Build.0 = Release|Any CPU
		{09053BE2-95E8-4AEF-AF8A-AD0502C3B0B2}.Debug|Any CPU.ActiveCfg = Debug|Any CPU
		{09053BE2-95E8-4AEF-AF8A-AD0502C3B0B2}.Debug|Any CPU.Build.0 = Debug|Any CPU
		{09053BE2-95E8-4AEF-AF8A-AD0502C3B0B2}.Debug|Any CPU.Deploy.0 = Debug|Any CPU
		{09053BE2-95E8-4AEF-AF8A-AD0502C3B0B2}.Release|Any CPU.ActiveCfg = Release|Any CPU
		{09053BE2-95E8-4AEF-AF8A-AD0502C3B0B2}.Release|Any CPU.Build.0 = Release|Any CPU
		{09053BE2-95E8-4AEF-AF8A-AD0502C3B0B2}.Release|Any CPU.Deploy.0 = Release|Any CPU
	EndGlobalSection
	GlobalSection(SolutionProperties) = preSolution
		HideSolutionNode = FALSE
	EndGlobalSection
	GlobalSection(ExtensibilityGlobals) = postSolution
		SolutionGuid = {6D9D5F82-BC85-41D2-838F-F94FC75B4980}
	EndGlobalSection
EndGlobal
