
Microsoft Visual Studio Solution File, Format Version 12.00
# Visual Studio Version 17
VisualStudioVersion = 17.7.34221.43
MinimumVisualStudioVersion = 10.0.40219.1
Project("{FAE04EC0-301F-11D3-BF4B-00C04F79EFBC}") = "Walrus Class Library", "Walrus Class Library\Walrus Class Library.csproj", "{262FAA1A-478C-4A5C-862B-FD9A187906B4}"
EndProject
Global
	GlobalSection(SolutionConfigurationPlatforms) = preSolution
		Debug|Any CPU = Debug|Any CPU
		Release|Any CPU = Release|Any CPU
	EndGlobalSection
	GlobalSection(ProjectConfigurationPlatforms) = postSolution
		{262FAA1A-478C-4A5C-862B-FD9A187906B4}.Debug|Any CPU.ActiveCfg = Debug|Any CPU
		{262FAA1A-478C-4A5C-862B-FD9A187906B4}.Debug|Any CPU.Build.0 = Debug|Any CPU
		{262FAA1A-478C-4A5C-862B-FD9A187906B4}.Release|Any CPU.ActiveCfg = Release|Any CPU
		{262FAA1A-478C-4A5C-862B-FD9A187906B4}.Release|Any CPU.Build.0 = Release|Any CPU
	EndGlobalSection
	GlobalSection(SolutionProperties) = preSolution
		HideSolutionNode = FALSE
	EndGlobalSection
	GlobalSection(ExtensibilityGlobals) = postSolution
		SolutionGuid = {6D9D5F82-BC85-41D2-838F-F94FC75B4980}
	EndGlobalSection
EndGlobal
